// !$*UTF8*$!
{
	archiveVersion = 1;
	classes = {
	};
	objectVersion = 48;
	objects = {

/* Begin PBXBuildFile section */
		2F0972BF6B0566FCB89581AB /* Pods_UberEats.framework in Frameworks */ = {isa = PBXBuildFile; fileRef = 4E6063A6E1CAD41EEA8B3A4C /* Pods_UberEats.framework */; };
		CAB85A371FDC848A008FFB9B /* CartViewController.swift in Sources */ = {isa = PBXBuildFile; fileRef = CAB85A361FDC848A008FFB9B /* CartViewController.swift */; };
		CAB85A391FDC960D008FFB9B /* TrackOrderViewController.swift in Sources */ = {isa = PBXBuildFile; fileRef = CAB85A381FDC960D008FFB9B /* TrackOrderViewController.swift */; };
		CAFCD5581FDB56BD009254F5 /* AppDelegate.swift in Sources */ = {isa = PBXBuildFile; fileRef = CAFCD5571FDB56BD009254F5 /* AppDelegate.swift */; };
		CAFCD55A1FDB56BD009254F5 /* RestaurantListingTableViewController.swift in Sources */ = {isa = PBXBuildFile; fileRef = CAFCD5591FDB56BD009254F5 /* RestaurantListingTableViewController.swift */; };
		CAFCD55D1FDB56BD009254F5 /* Main.storyboard in Resources */ = {isa = PBXBuildFile; fileRef = CAFCD55B1FDB56BD009254F5 /* Main.storyboard */; };
		CAFCD55F1FDB56BD009254F5 /* Assets.xcassets in Resources */ = {isa = PBXBuildFile; fileRef = CAFCD55E1FDB56BD009254F5 /* Assets.xcassets */; };
		CAFCD5621FDB56BD009254F5 /* LaunchScreen.storyboard in Resources */ = {isa = PBXBuildFile; fileRef = CAFCD5601FDB56BD009254F5 /* LaunchScreen.storyboard */; };
		CAFCD56E1FDB6882009254F5 /* SWRevealViewController.m in Sources */ = {isa = PBXBuildFile; fileRef = CAFCD56A1FDB5EEF009254F5 /* SWRevealViewController.m */; };
		CAFCD5711FDBA7E6009254F5 /* MealsTableViewController.swift in Sources */ = {isa = PBXBuildFile; fileRef = CAFCD5701FDBA7E6009254F5 /* MealsTableViewController.swift */; };
		CAFCD5731FDBB175009254F5 /* MealDetailViewController.swift in Sources */ = {isa = PBXBuildFile; fileRef = CAFCD5721FDBB175009254F5 /* MealDetailViewController.swift */; };
/* End PBXBuildFile section */

/* Begin PBXFileReference section */
		3A30C34AAA560C5297E77109 /* Pods-UberEats.debug.xcconfig */ = {isa = PBXFileReference; includeInIndex = 1; lastKnownFileType = text.xcconfig; name = "Pods-UberEats.debug.xcconfig"; path = "Pods/Target Support Files/Pods-UberEats/Pods-UberEats.debug.xcconfig"; sourceTree = "<group>"; };
		4E6063A6E1CAD41EEA8B3A4C /* Pods_UberEats.framework */ = {isa = PBXFileReference; explicitFileType = wrapper.framework; includeInIndex = 0; path = Pods_UberEats.framework; sourceTree = BUILT_PRODUCTS_DIR; };
		A4AD59E2E127031DB7CC2761 /* Pods-UberEats.release.xcconfig */ = {isa = PBXFileReference; includeInIndex = 1; lastKnownFileType = text.xcconfig; name = "Pods-UberEats.release.xcconfig"; path = "Pods/Target Support Files/Pods-UberEats/Pods-UberEats.release.xcconfig"; sourceTree = "<group>"; };
		CAB85A361FDC848A008FFB9B /* CartViewController.swift */ = {isa = PBXFileReference; lastKnownFileType = sourcecode.swift; path = CartViewController.swift; sourceTree = "<group>"; };
		CAB85A381FDC960D008FFB9B /* TrackOrderViewController.swift */ = {isa = PBXFileReference; lastKnownFileType = sourcecode.swift; path = TrackOrderViewController.swift; sourceTree = "<group>"; };
		CAFCD5541FDB56BD009254F5 /* UberEats.app */ = {isa = PBXFileReference; explicitFileType = wrapper.application; includeInIndex = 0; path = UberEats.app; sourceTree = BUILT_PRODUCTS_DIR; };
		CAFCD5571FDB56BD009254F5 /* AppDelegate.swift */ = {isa = PBXFileReference; lastKnownFileType = sourcecode.swift; path = AppDelegate.swift; sourceTree = "<group>"; };
		CAFCD5591FDB56BD009254F5 /* RestaurantListingTableViewController.swift */ = {isa = PBXFileReference; lastKnownFileType = sourcecode.swift; path = RestaurantListingTableViewController.swift; sourceTree = "<group>"; };
		CAFCD55C1FDB56BD009254F5 /* Base */ = {isa = PBXFileReference; lastKnownFileType = file.storyboard; name = Base; path = Base.lproj/Main.storyboard; sourceTree = "<group>"; };
		CAFCD55E1FDB56BD009254F5 /* Assets.xcassets */ = {isa = PBXFileReference; lastKnownFileType = folder.assetcatalog; path = Assets.xcassets; sourceTree = "<group>"; };
		CAFCD5611FDB56BD009254F5 /* Base */ = {isa = PBXFileReference; lastKnownFileType = file.storyboard; name = Base; path = Base.lproj/LaunchScreen.storyboard; sourceTree = "<group>"; };
		CAFCD5631FDB56BD009254F5 /* Info.plist */ = {isa = PBXFileReference; lastKnownFileType = text.plist.xml; path = Info.plist; sourceTree = "<group>"; };
		CAFCD5691FDB5EEE009254F5 /* UberEats-Bridging-Header.h */ = {isa = PBXFileReference; lastKnownFileType = sourcecode.c.h; path = "UberEats-Bridging-Header.h"; sourceTree = "<group>"; };
		CAFCD56A1FDB5EEF009254F5 /* SWRevealViewController.m */ = {isa = PBXFileReference; fileEncoding = 4; lastKnownFileType = sourcecode.c.objc; path = SWRevealViewController.m; sourceTree = "<group>"; };
		CAFCD56B1FDB5EEF009254F5 /* SWRevealViewController.h */ = {isa = PBXFileReference; fileEncoding = 4; lastKnownFileType = sourcecode.c.h; path = SWRevealViewController.h; sourceTree = "<group>"; };
		CAFCD5701FDBA7E6009254F5 /* MealsTableViewController.swift */ = {isa = PBXFileReference; lastKnownFileType = sourcecode.swift; path = MealsTableViewController.swift; sourceTree = "<group>"; };
		CAFCD5721FDBB175009254F5 /* MealDetailViewController.swift */ = {isa = PBXFileReference; lastKnownFileType = sourcecode.swift; path = MealDetailViewController.swift; sourceTree = "<group>"; };
/* End PBXFileReference section */

/* Begin PBXFrameworksBuildPhase section */
		CAFCD5511FDB56BD009254F5 /* Frameworks */ = {
			isa = PBXFrameworksBuildPhase;
			buildActionMask = 2147483647;
			files = (
				2F0972BF6B0566FCB89581AB /* Pods_UberEats.framework in Frameworks */,
			);
			runOnlyForDeploymentPostprocessing = 0;
		};
/* End PBXFrameworksBuildPhase section */

/* Begin PBXGroup section */
		144EBD2956E4B883BC5E6939 /* Frameworks */ = {
			isa = PBXGroup;
			children = (
				4E6063A6E1CAD41EEA8B3A4C /* Pods_UberEats.framework */,
			);
			name = Frameworks;
			sourceTree = "<group>";
		};
		45D873A0AF908C27BD155C69 /* Pods */ = {
			isa = PBXGroup;
			children = (
				3A30C34AAA560C5297E77109 /* Pods-UberEats.debug.xcconfig */,
				A4AD59E2E127031DB7CC2761 /* Pods-UberEats.release.xcconfig */,
			);
			name = Pods;
			sourceTree = "<group>";
		};
		CAFCD54B1FDB56BD009254F5 = {
			isa = PBXGroup;
			children = (
				CAFCD5561FDB56BD009254F5 /* UberEats */,
				CAFCD5551FDB56BD009254F5 /* Products */,
				45D873A0AF908C27BD155C69 /* Pods */,
				144EBD2956E4B883BC5E6939 /* Frameworks */,
			);
			sourceTree = "<group>";
		};
		CAFCD5551FDB56BD009254F5 /* Products */ = {
			isa = PBXGroup;
			children = (
				CAFCD5541FDB56BD009254F5 /* UberEats.app */,
			);
			name = Products;
			sourceTree = "<group>";
		};
		CAFCD5561FDB56BD009254F5 /* UberEats */ = {
			isa = PBXGroup;
			children = (
				CAFCD56D1FDB5F0B009254F5 /* SWReveal */,
				CAFCD56F1FDBA2D2009254F5 /* Controllers */,
				CAFCD5571FDB56BD009254F5 /* AppDelegate.swift */,
				CAFCD55B1FDB56BD009254F5 /* Main.storyboard */,
				CAFCD55E1FDB56BD009254F5 /* Assets.xcassets */,
				CAFCD5601FDB56BD009254F5 /* LaunchScreen.storyboard */,
				CAFCD5691FDB5EEE009254F5 /* UberEats-Bridging-Header.h */,
				CAFCD5631FDB56BD009254F5 /* Info.plist */,
			);
			path = UberEats;
			sourceTree = "<group>";
		};
		CAFCD56D1FDB5F0B009254F5 /* SWReveal */ = {
			isa = PBXGroup;
			children = (
				CAFCD56B1FDB5EEF009254F5 /* SWRevealViewController.h */,
				CAFCD56A1FDB5EEF009254F5 /* SWRevealViewController.m */,
			);
			path = SWReveal;
			sourceTree = "<group>";
		};
		CAFCD56F1FDBA2D2009254F5 /* Controllers */ = {
			isa = PBXGroup;
			children = (
				CAFCD5591FDB56BD009254F5 /* RestaurantListingTableViewController.swift */,
				CAFCD5701FDBA7E6009254F5 /* MealsTableViewController.swift */,
				CAFCD5721FDBB175009254F5 /* MealDetailViewController.swift */,
				CAB85A361FDC848A008FFB9B /* CartViewController.swift */,
				CAB85A381FDC960D008FFB9B /* TrackOrderViewController.swift */,
			);
			path = Controllers;
			sourceTree = "<group>";
		};
/* End PBXGroup section */

/* Begin PBXNativeTarget section */
		CAFCD5531FDB56BD009254F5 /* UberEats */ = {
			isa = PBXNativeTarget;
			buildConfigurationList = CAFCD5661FDB56BD009254F5 /* Build configuration list for PBXNativeTarget "UberEats" */;
			buildPhases = (
				441248FECE33B2CDDB4CCD38 /* [CP] Check Pods Manifest.lock */,
				CAFCD5501FDB56BD009254F5 /* Sources */,
				CAFCD5511FDB56BD009254F5 /* Frameworks */,
				CAFCD5521FDB56BD009254F5 /* Resources */,
				A061923B14DAD69A6217CDAE /* [CP] Embed Pods Frameworks */,
				D0C3A736078DA0B701741E4D /* [CP] Copy Pods Resources */,
			);
			buildRules = (
			);
			dependencies = (
			);
			name = UberEats;
			productName = UberEats;
			productReference = CAFCD5541FDB56BD009254F5 /* UberEats.app */;
			productType = "com.apple.product-type.application";
		};
/* End PBXNativeTarget section */

/* Begin PBXProject section */
		CAFCD54C1FDB56BD009254F5 /* Project object */ = {
			isa = PBXProject;
			attributes = {
				LastSwiftUpdateCheck = 0920;
				LastUpgradeCheck = 0920;
				ORGANIZATIONNAME = "Brandon Baars";
				TargetAttributes = {
					CAFCD5531FDB56BD009254F5 = {
						CreatedOnToolsVersion = 9.2;
						LastSwiftMigration = 0920;
						ProvisioningStyle = Automatic;
					};
				};
			};
			buildConfigurationList = CAFCD54F1FDB56BD009254F5 /* Build configuration list for PBXProject "UberEats" */;
			compatibilityVersion = "Xcode 8.0";
			developmentRegion = en;
			hasScannedForEncodings = 0;
			knownRegions = (
				en,
				Base,
			);
			mainGroup = CAFCD54B1FDB56BD009254F5;
			productRefGroup = CAFCD5551FDB56BD009254F5 /* Products */;
			projectDirPath = "";
			projectRoot = "";
			targets = (
				CAFCD5531FDB56BD009254F5 /* UberEats */,
			);
		};
/* End PBXProject section */

/* Begin PBXResourcesBuildPhase section */
		CAFCD5521FDB56BD009254F5 /* Resources */ = {
			isa = PBXResourcesBuildPhase;
			buildActionMask = 2147483647;
			files = (
				CAFCD5621FDB56BD009254F5 /* LaunchScreen.storyboard in Resources */,
				CAFCD55F1FDB56BD009254F5 /* Assets.xcassets in Resources */,
				CAFCD55D1FDB56BD009254F5 /* Main.storyboard in Resources */,
			);
			runOnlyForDeploymentPostprocessing = 0;
		};
/* End PBXResourcesBuildPhase section */

/* Begin PBXShellScriptBuildPhase section */
		441248FECE33B2CDDB4CCD38 /* [CP] Check Pods Manifest.lock */ = {
			isa = PBXShellScriptBuildPhase;
			buildActionMask = 2147483647;
			files = (
			);
			inputPaths = (
			);
			name = "[CP] Check Pods Manifest.lock";
			outputPaths = (
			);
			runOnlyForDeploymentPostprocessing = 0;
			shellPath = /bin/sh;
			shellScript = "diff \"${PODS_ROOT}/../Podfile.lock\" \"${PODS_ROOT}/Manifest.lock\" > /dev/null\nif [ $? != 0 ] ; then\n    # print error to STDERR\n    echo \"error: The sandbox is not in sync with the Podfile.lock. Run 'pod install' or update your CocoaPods installation.\" >&2\n    exit 1\nfi\n";
			showEnvVarsInLog = 0;
		};
		A061923B14DAD69A6217CDAE /* [CP] Embed Pods Frameworks */ = {
			isa = PBXShellScriptBuildPhase;
			buildActionMask = 2147483647;
			files = (
			);
			inputPaths = (
			);
			name = "[CP] Embed Pods Frameworks";
			outputPaths = (
			);
			runOnlyForDeploymentPostprocessing = 0;
			shellPath = /bin/sh;
			shellScript = "\"${SRCROOT}/Pods/Target Support Files/Pods-UberEats/Pods-UberEats-frameworks.sh\"\n";
			showEnvVarsInLog = 0;
		};
		D0C3A736078DA0B701741E4D /* [CP] Copy Pods Resources */ = {
			isa = PBXShellScriptBuildPhase;
			buildActionMask = 2147483647;
			files = (
			);
			inputPaths = (
			);
			name = "[CP] Copy Pods Resources";
			outputPaths = (
			);
			runOnlyForDeploymentPostprocessing = 0;
			shellPath = /bin/sh;
			shellScript = "\"${SRCROOT}/Pods/Target Support Files/Pods-UberEats/Pods-UberEats-resources.sh\"\n";
			showEnvVarsInLog = 0;
		};
/* End PBXShellScriptBuildPhase section */

/* Begin PBXSourcesBuildPhase section */
		CAFCD5501FDB56BD009254F5 /* Sources */ = {
			isa = PBXSourcesBuildPhase;
			buildActionMask = 2147483647;
			files = (
				CAFCD55A1FDB56BD009254F5 /* RestaurantListingTableViewController.swift in Sources */,
				CAFCD5581FDB56BD009254F5 /* AppDelegate.swift in Sources */,
				CAB85A391FDC960D008FFB9B /* TrackOrderViewController.swift in Sources */,
				CAFCD5711FDBA7E6009254F5 /* MealsTableViewController.swift in Sources */,
				CAFCD5731FDBB175009254F5 /* MealDetailViewController.swift in Sources */,
				CAB85A371FDC848A008FFB9B /* CartViewController.swift in Sources */,
				CAFCD56E1FDB6882009254F5 /* SWRevealViewController.m in Sources */,
			);
			runOnlyForDeploymentPostprocessing = 0;
		};
/* End PBXSourcesBuildPhase section */

/* Begin PBXVariantGroup section */
		CAFCD55B1FDB56BD009254F5 /* Main.storyboard */ = {
			isa = PBXVariantGroup;
			children = (
				CAFCD55C1FDB56BD009254F5 /* Base */,
			);
			name = Main.storyboard;
			sourceTree = "<group>";
		};
		CAFCD5601FDB56BD009254F5 /* LaunchScreen.storyboard */ = {
			isa = PBXVariantGroup;
			children = (
				CAFCD5611FDB56BD009254F5 /* Base */,
			);
			name = LaunchScreen.storyboard;
			sourceTree = "<group>";
		};
/* End PBXVariantGroup section */

/* Begin XCBuildConfiguration section */
		CAFCD5641FDB56BD009254F5 /* Debug */ = {
			isa = XCBuildConfiguration;
			buildSettings = {
				ALWAYS_SEARCH_USER_PATHS = NO;
				CLANG_ANALYZER_NONNULL = YES;
				CLANG_ANALYZER_NUMBER_OBJECT_CONVERSION = YES_AGGRESSIVE;
				CLANG_CXX_LANGUAGE_STANDARD = "gnu++14";
				CLANG_CXX_LIBRARY = "libc++";
				CLANG_ENABLE_MODULES = YES;
				CLANG_ENABLE_OBJC_ARC = YES;
				CLANG_WARN_BLOCK_CAPTURE_AUTORELEASING = YES;
				CLANG_WARN_BOOL_CONVERSION = YES;
				CLANG_WARN_COMMA = YES;
				CLANG_WARN_CONSTANT_CONVERSION = YES;
				CLANG_WARN_DIRECT_OBJC_ISA_USAGE = YES_ERROR;
				CLANG_WARN_DOCUMENTATION_COMMENTS = YES;
				CLANG_WARN_EMPTY_BODY = YES;
				CLANG_WARN_ENUM_CONVERSION = YES;
				CLANG_WARN_INFINITE_RECURSION = YES;
				CLANG_WARN_INT_CONVERSION = YES;
				CLANG_WARN_NON_LITERAL_NULL_CONVERSION = YES;
				CLANG_WARN_OBJC_LITERAL_CONVERSION = YES;
				CLANG_WARN_OBJC_ROOT_CLASS = YES_ERROR;
				CLANG_WARN_RANGE_LOOP_ANALYSIS = YES;
				CLANG_WARN_STRICT_PROTOTYPES = YES;
				CLANG_WARN_SUSPICIOUS_MOVE = YES;
				CLANG_WARN_UNGUARDED_AVAILABILITY = YES_AGGRESSIVE;
				CLANG_WARN_UNREACHABLE_CODE = YES;
				CLANG_WARN__DUPLICATE_METHOD_MATCH = YES;
				CODE_SIGN_IDENTITY = "iPhone Developer";
				COPY_PHASE_STRIP = NO;
				DEBUG_INFORMATION_FORMAT = dwarf;
				ENABLE_STRICT_OBJC_MSGSEND = YES;
				ENABLE_TESTABILITY = YES;
				GCC_C_LANGUAGE_STANDARD = gnu11;
				GCC_DYNAMIC_NO_PIC = NO;
				GCC_NO_COMMON_BLOCKS = YES;
				GCC_OPTIMIZATION_LEVEL = 0;
				GCC_PREPROCESSOR_DEFINITIONS = (
					"DEBUG=1",
					"$(inherited)",
				);
				GCC_WARN_64_TO_32_BIT_CONVERSION = YES;
				GCC_WARN_ABOUT_RETURN_TYPE = YES_ERROR;
				GCC_WARN_UNDECLARED_SELECTOR = YES;
				GCC_WARN_UNINITIALIZED_AUTOS = YES_AGGRESSIVE;
				GCC_WARN_UNUSED_FUNCTION = YES;
				GCC_WARN_UNUSED_VARIABLE = YES;
				IPHONEOS_DEPLOYMENT_TARGET = 11.2;
				MTL_ENABLE_DEBUG_INFO = YES;
				ONLY_ACTIVE_ARCH = YES;
				SDKROOT = iphoneos;
				SWIFT_ACTIVE_COMPILATION_CONDITIONS = DEBUG;
				SWIFT_OPTIMIZATION_LEVEL = "-Onone";
			};
			name = Debug;
		};
		CAFCD5651FDB56BD009254F5 /* Release */ = {
			isa = XCBuildConfiguration;
			buildSettings = {
				ALWAYS_SEARCH_USER_PATHS = NO;
				CLANG_ANALYZER_NONNULL = YES;
				CLANG_ANALYZER_NUMBER_OBJECT_CONVERSION = YES_AGGRESSIVE;
				CLANG_CXX_LANGUAGE_STANDARD = "gnu++14";
				CLANG_CXX_LIBRARY = "libc++";
				CLANG_ENABLE_MODULES = YES;
				CLANG_ENABLE_OBJC_ARC = YES;
				CLANG_WARN_BLOCK_CAPTURE_AUTORELEASING = YES;
				CLANG_WARN_BOOL_CONVERSION = YES;
				CLANG_WARN_COMMA = YES;
				CLANG_WARN_CONSTANT_CONVERSION = YES;
				CLANG_WARN_DIRECT_OBJC_ISA_USAGE = YES_ERROR;
				CLANG_WARN_DOCUMENTATION_COMMENTS = YES;
				CLANG_WARN_EMPTY_BODY = YES;
				CLANG_WARN_ENUM_CONVERSION = YES;
				CLANG_WARN_INFINITE_RECURSION = YES;
				CLANG_WARN_INT_CONVERSION = YES;
				CLANG_WARN_NON_LITERAL_NULL_CONVERSION = YES;
				CLANG_WARN_OBJC_LITERAL_CONVERSION = YES;
				CLANG_WARN_OBJC_ROOT_CLASS = YES_ERROR;
				CLANG_WARN_RANGE_LOOP_ANALYSIS = YES;
				CLANG_WARN_STRICT_PROTOTYPES = YES;
				CLANG_WARN_SUSPICIOUS_MOVE = YES;
				CLANG_WARN_UNGUARDED_AVAILABILITY = YES_AGGRESSIVE;
				CLANG_WARN_UNREACHABLE_CODE = YES;
				CLANG_WARN__DUPLICATE_METHOD_MATCH = YES;
				CODE_SIGN_IDENTITY = "iPhone Developer";
				COPY_PHASE_STRIP = NO;
				DEBUG_INFORMATION_FORMAT = "dwarf-with-dsym";
				ENABLE_NS_ASSERTIONS = NO;
				ENABLE_STRICT_OBJC_MSGSEND = YES;
				GCC_C_LANGUAGE_STANDARD = gnu11;
				GCC_NO_COMMON_BLOCKS = YES;
				GCC_WARN_64_TO_32_BIT_CONVERSION = YES;
				GCC_WARN_ABOUT_RETURN_TYPE = YES_ERROR;
				GCC_WARN_UNDECLARED_SELECTOR = YES;
				GCC_WARN_UNINITIALIZED_AUTOS = YES_AGGRESSIVE;
				GCC_WARN_UNUSED_FUNCTION = YES;
				GCC_WARN_UNUSED_VARIABLE = YES;
				IPHONEOS_DEPLOYMENT_TARGET = 11.2;
				MTL_ENABLE_DEBUG_INFO = NO;
				SDKROOT = iphoneos;
				SWIFT_OPTIMIZATION_LEVEL = "-Owholemodule";
				VALIDATE_PRODUCT = YES;
			};
			name = Release;
		};
		CAFCD5671FDB56BD009254F5 /* Debug */ = {
			isa = XCBuildConfiguration;
			baseConfigurationReference = 3A30C34AAA560C5297E77109 /* Pods-UberEats.debug.xcconfig */;
			buildSettings = {
				ASSETCATALOG_COMPILER_APPICON_NAME = AppIcon;
				CLANG_ENABLE_MODULES = YES;
				CODE_SIGN_STYLE = Automatic;
				DEVELOPMENT_TEAM = 4TWWRT697R;
				INFOPLIST_FILE = UberEats/Info.plist;
				LD_RUNPATH_SEARCH_PATHS = "$(inherited) @executable_path/Frameworks";
				PRODUCT_BUNDLE_IDENTIFIER = BB.UberEats;
				PRODUCT_NAME = "$(TARGET_NAME)";
				SWIFT_OBJC_BRIDGING_HEADER = "UberEats/UberEats-Bridging-Header.h";
				SWIFT_OPTIMIZATION_LEVEL = "-Onone";
				SWIFT_VERSION = 4.0;
				TARGETED_DEVICE_FAMILY = "1,2";
			};
			name = Debug;
		};
		CAFCD5681FDB56BD009254F5 /* Release */ = {
			isa = XCBuildConfiguration;
			baseConfigurationReference = A4AD59E2E127031DB7CC2761 /* Pods-UberEats.release.xcconfig */;
			buildSettings = {
				ASSETCATALOG_COMPILER_APPICON_NAME = AppIcon;
				CLANG_ENABLE_MODULES = YES;
				CODE_SIGN_STYLE = Automatic;
				DEVELOPMENT_TEAM = 4TWWRT697R;
				INFOPLIST_FILE = UberEats/Info.plist;
				LD_RUNPATH_SEARCH_PATHS = "$(inherited) @executable_path/Frameworks";
				PRODUCT_BUNDLE_IDENTIFIER = BB.UberEats;
				PRODUCT_NAME = "$(TARGET_NAME)";
				SWIFT_OBJC_BRIDGING_HEADER = "UberEats/UberEats-Bridging-Header.h";
				SWIFT_VERSION = 4.0;
				TARGETED_DEVICE_FAMILY = "1,2";
			};
			name = Release;
		};
/* End XCBuildConfiguration section */

/* Begin XCConfigurationList section */
		CAFCD54F1FDB56BD009254F5 /* Build configuration list for PBXProject "UberEats" */ = {
			isa = XCConfigurationList;
			buildConfigurations = (
				CAFCD5641FDB56BD009254F5 /* Debug */,
				CAFCD5651FDB56BD009254F5 /* Release */,
			);
			defaultConfigurationIsVisible = 0;
			defaultConfigurationName = Release;
		};
		CAFCD5661FDB56BD009254F5 /* Build configuration list for PBXNativeTarget "UberEats" */ = {
			isa = XCConfigurationList;
			buildConfigurations = (
				CAFCD5671FDB56BD009254F5 /* Debug */,
				CAFCD5681FDB56BD009254F5 /* Release */,
			);
			defaultConfigurationIsVisible = 0;
			defaultConfigurationName = Release;
		};
/* End XCConfigurationList section */
	};
	rootObject = CAFCD54C1FDB56BD009254F5 /* Project object */;
}
